<?xml version="1.0" encoding="UTF-8"?>
<CodeBlocks_project_file>
	<FileVersion major="1" minor="6"/>
	<Project>
		<Option title="mllib"/>
		<Option makefile_is_custom="1"/>
		<Option compiler="gcc"/>
		<Option virtualFolders="CMake Files\;"/>
		<Build>
			<Target title="all">
				<Option working_dir="/Users/noco/CLionProjects/mllib"/>
				<Option type="4"/>
				<MakeCommands>
					<Build command="/usr/bin/make -j4 -f &quot;/Users/noco/CLionProjects/mllib/Makefile&quot;  VERBOSE=1 all"/>
					<CompileFile command="/usr/bin/make -j4 -f &quot;/Users/noco/CLionProjects/mllib/Makefile&quot;  VERBOSE=1 &quot;$file&quot;"/>
					<Clean command="/usr/bin/make -j4 -f &quot;/Users/noco/CLionProjects/mllib/Makefile&quot;  VERBOSE=1 clean"/>
					<DistClean command="/usr/bin/make -j4 -f &quot;/Users/noco/CLionProjects/mllib/Makefile&quot;  VERBOSE=1 clean"/>
				</MakeCommands>
			</Target>
			<Target title="edit_cache">
				<Option working_dir="/Users/noco/CLionProjects/mllib"/>
				<Option type="4"/>
				<MakeCommands>
					<Build command="/usr/bin/make -j4 -f &quot;/Users/noco/CLionProjects/mllib/Makefile&quot;  VERBOSE=1 edit_cache"/>
					<CompileFile command="/usr/bin/make -j4 -f &quot;/Users/noco/CLionProjects/mllib/Makefile&quot;  VERBOSE=1 &quot;$file&quot;"/>
					<Clean command="/usr/bin/make -j4 -f &quot;/Users/noco/CLionProjects/mllib/Makefile&quot;  VERBOSE=1 clean"/>
					<DistClean command="/usr/bin/make -j4 -f &quot;/Users/noco/CLionProjects/mllib/Makefile&quot;  VERBOSE=1 clean"/>
				</MakeCommands>
			</Target>
			<Target title="rebuild_cache">
				<Option working_dir="/Users/noco/CLionProjects/mllib"/>
				<Option type="4"/>
				<MakeCommands>
					<Build command="/usr/bin/make -j4 -f &quot;/Users/noco/CLionProjects/mllib/Makefile&quot;  VERBOSE=1 rebuild_cache"/>
					<CompileFile command="/usr/bin/make -j4 -f &quot;/Users/noco/CLionProjects/mllib/Makefile&quot;  VERBOSE=1 &quot;$file&quot;"/>
					<Clean command="/usr/bin/make -j4 -f &quot;/Users/noco/CLionProjects/mllib/Makefile&quot;  VERBOSE=1 clean"/>
					<DistClean command="/usr/bin/make -j4 -f &quot;/Users/noco/CLionProjects/mllib/Makefile&quot;  VERBOSE=1 clean"/>
				</MakeCommands>
			</Target>
			<Target title="UNITTEST">
				<Option output="/Users/noco/CLionProjects/mllib/UNITTEST" prefix_auto="0" extension_auto="0"/>
				<Option working_dir="/Users/noco/CLionProjects/mllib"/>
				<Option object_output="./"/>
				<Option type="1"/>
				<Option compiler="gcc"/>
				<Compiler>
					<Add directory="/usr/local/include"/>
					<Add directory="/Applications/Xcode.app/Contents/Developer/Toolchains/XcodeDefault.xctoolchain/usr/bin/../lib/clang/8.0.0/include"/>
					<Add directory="/Applications/Xcode.app/Contents/Developer/Toolchains/XcodeDefault.xctoolchain/usr/include"/>
					<Add directory="/usr/include"/>
					<Add directory="/System/Library/Frameworks"/>
					<Add directory="/Library/Frameworks"/>
					<Add directory="/Applications/Xcode.app/Contents/Developer/Toolchains/XcodeDefault.xctoolchain/usr/bin/../include/c++/v1"/>
				</Compiler>
				<MakeCommands>
					<Build command="/usr/bin/make -j4 -f &quot;/Users/noco/CLionProjects/mllib/Makefile&quot;  VERBOSE=1 UNITTEST"/>
					<CompileFile command="/usr/bin/make -j4 -f &quot;/Users/noco/CLionProjects/mllib/Makefile&quot;  VERBOSE=1 &quot;$file&quot;"/>
					<Clean command="/usr/bin/make -j4 -f &quot;/Users/noco/CLionProjects/mllib/Makefile&quot;  VERBOSE=1 clean"/>
					<DistClean command="/usr/bin/make -j4 -f &quot;/Users/noco/CLionProjects/mllib/Makefile&quot;  VERBOSE=1 clean"/>
				</MakeCommands>
			</Target>
			<Target title="UNITTEST/fast">
				<Option output="/Users/noco/CLionProjects/mllib/UNITTEST" prefix_auto="0" extension_auto="0"/>
				<Option working_dir="/Users/noco/CLionProjects/mllib"/>
				<Option object_output="./"/>
				<Option type="1"/>
				<Option compiler="gcc"/>
				<Compiler>
					<Add directory="/usr/local/include"/>
					<Add directory="/Applications/Xcode.app/Contents/Developer/Toolchains/XcodeDefault.xctoolchain/usr/bin/../lib/clang/8.0.0/include"/>
					<Add directory="/Applications/Xcode.app/Contents/Developer/Toolchains/XcodeDefault.xctoolchain/usr/include"/>
					<Add directory="/usr/include"/>
					<Add directory="/System/Library/Frameworks"/>
					<Add directory="/Library/Frameworks"/>
					<Add directory="/Applications/Xcode.app/Contents/Developer/Toolchains/XcodeDefault.xctoolchain/usr/bin/../include/c++/v1"/>
				</Compiler>
				<MakeCommands>
					<Build command="/usr/bin/make -j4 -f &quot;/Users/noco/CLionProjects/mllib/Makefile&quot;  VERBOSE=1 UNITTEST/fast"/>
					<CompileFile command="/usr/bin/make -j4 -f &quot;/Users/noco/CLionProjects/mllib/Makefile&quot;  VERBOSE=1 &quot;$file&quot;"/>
					<Clean command="/usr/bin/make -j4 -f &quot;/Users/noco/CLionProjects/mllib/Makefile&quot;  VERBOSE=1 clean"/>
					<DistClean command="/usr/bin/make -j4 -f &quot;/Users/noco/CLionProjects/mllib/Makefile&quot;  VERBOSE=1 clean"/>
				</MakeCommands>
			</Target>
			<Target title="mllib">
				<Option output="/Users/noco/CLionProjects/mllib/libmllib.dylib" prefix_auto="0" extension_auto="0"/>
				<Option working_dir="/Users/noco/CLionProjects/mllib"/>
				<Option object_output="./"/>
				<Option type="3"/>
				<Option compiler="gcc"/>
				<Compiler>
					<Add directory="/usr/local/include"/>
					<Add directory="/Applications/Xcode.app/Contents/Developer/Toolchains/XcodeDefault.xctoolchain/usr/bin/../lib/clang/8.0.0/include"/>
					<Add directory="/Applications/Xcode.app/Contents/Developer/Toolchains/XcodeDefault.xctoolchain/usr/include"/>
					<Add directory="/usr/include"/>
					<Add directory="/System/Library/Frameworks"/>
					<Add directory="/Library/Frameworks"/>
					<Add directory="/Applications/Xcode.app/Contents/Developer/Toolchains/XcodeDefault.xctoolchain/usr/bin/../include/c++/v1"/>
				</Compiler>
				<MakeCommands>
					<Build command="/usr/bin/make -j4 -f &quot;/Users/noco/CLionProjects/mllib/Makefile&quot;  VERBOSE=1 mllib"/>
					<CompileFile command="/usr/bin/make -j4 -f &quot;/Users/noco/CLionProjects/mllib/Makefile&quot;  VERBOSE=1 &quot;$file&quot;"/>
					<Clean command="/usr/bin/make -j4 -f &quot;/Users/noco/CLionProjects/mllib/Makefile&quot;  VERBOSE=1 clean"/>
					<DistClean command="/usr/bin/make -j4 -f &quot;/Users/noco/CLionProjects/mllib/Makefile&quot;  VERBOSE=1 clean"/>
				</MakeCommands>
			</Target>
			<Target title="mllib/fast">
				<Option output="/Users/noco/CLionProjects/mllib/libmllib.dylib" prefix_auto="0" extension_auto="0"/>
				<Option working_dir="/Users/noco/CLionProjects/mllib"/>
				<Option object_output="./"/>
				<Option type="3"/>
				<Option compiler="gcc"/>
				<Compiler>
					<Add directory="/usr/local/include"/>
					<Add directory="/Applications/Xcode.app/Contents/Developer/Toolchains/XcodeDefault.xctoolchain/usr/bin/../lib/clang/8.0.0/include"/>
					<Add directory="/Applications/Xcode.app/Contents/Developer/Toolchains/XcodeDefault.xctoolchain/usr/include"/>
					<Add directory="/usr/include"/>
					<Add directory="/System/Library/Frameworks"/>
					<Add directory="/Library/Frameworks"/>
					<Add directory="/Applications/Xcode.app/Contents/Developer/Toolchains/XcodeDefault.xctoolchain/usr/bin/../include/c++/v1"/>
				</Compiler>
				<MakeCommands>
					<Build command="/usr/bin/make -j4 -f &quot;/Users/noco/CLionProjects/mllib/Makefile&quot;  VERBOSE=1 mllib/fast"/>
					<CompileFile command="/usr/bin/make -j4 -f &quot;/Users/noco/CLionProjects/mllib/Makefile&quot;  VERBOSE=1 &quot;$file&quot;"/>
					<Clean command="/usr/bin/make -j4 -f &quot;/Users/noco/CLionProjects/mllib/Makefile&quot;  VERBOSE=1 clean"/>
					<DistClean command="/usr/bin/make -j4 -f &quot;/Users/noco/CLionProjects/mllib/Makefile&quot;  VERBOSE=1 clean"/>
				</MakeCommands>
			</Target>
		</Build>
		<Unit filename="/Users/noco/CLionProjects/mllib/stats/AbstractDistribution.h">
			<Option target="UNITTEST"/>
			<Option target="mllib"/>
		</Unit>
		<Unit filename="/Users/noco/CLionProjects/mllib/stats/Bernoulli.cpp">
			<Option target="UNITTEST"/>
			<Option target="mllib"/>
		</Unit>
		<Unit filename="/Users/noco/CLionProjects/mllib/stats/Bernoulli.h">
			<Option target="UNITTEST"/>
			<Option target="mllib"/>
		</Unit>
		<Unit filename="/Users/noco/CLionProjects/mllib/stats/Binom.cpp">
			<Option target="UNITTEST"/>
			<Option target="mllib"/>
		</Unit>
		<Unit filename="/Users/noco/CLionProjects/mllib/stats/Binom.h">
			<Option target="UNITTEST"/>
			<Option target="mllib"/>
		</Unit>
		<Unit filename="/Users/noco/CLionProjects/mllib/tests/unittest.cpp">
			<Option target="UNITTEST"/>
		</Unit>
		<Unit filename="/Users/noco/CLionProjects/mllib/utils/ComplexStuff.h">
			<Option target="UNITTEST"/>
			<Option target="mllib"/>
		</Unit>
		<Unit filename="/Users/noco/CLionProjects/mllib/utils/ExtFunctions.h">
			<Option target="UNITTEST"/>
			<Option target="mllib"/>
		</Unit>
		<Unit filename="/Users/noco/CLionProjects/mllib/CMakeLists.txt">
			<Option virtualFolder="CMake Files\"/>
		</Unit>
	</Project>
</CodeBlocks_project_file>
